// !$*UTF8*$!
{
	archiveVersion = 1;
	classes = {
	};
	objectVersion = 56;
	objects = {

/* Begin PBXBuildFile section */
		A3060FDF2B50FE5F0071964E /* ProfileViewModel.swift in Sources */ = {isa = PBXBuildFile; fileRef = A3060FDE2B50FE5F0071964E /* ProfileViewModel.swift */; };
		A3060FE12B5106770071964E /* User.swift in Sources */ = {isa = PBXBuildFile; fileRef = A3060FE02B5106770071964E /* User.swift */; };
		A3060FE62B5114FE0071964E /* CircularImageProfileView.swift in Sources */ = {isa = PBXBuildFile; fileRef = A3060FE52B5114FE0071964E /* CircularImageProfileView.swift */; };
		A3060FE92B5119260071964E /* ChatView.swift in Sources */ = {isa = PBXBuildFile; fileRef = A3060FE82B5119260071964E /* ChatView.swift */; };
		A3060FEB2B511F370071964E /* ChatMessageCell.swift in Sources */ = {isa = PBXBuildFile; fileRef = A3060FEA2B511F370071964E /* ChatMessageCell.swift */; };
		A3060FED2B512FA90071964E /* ChatBubble.swift in Sources */ = {isa = PBXBuildFile; fileRef = A3060FEC2B512FA90071964E /* ChatBubble.swift */; };
		A3060FEF2B5132C60071964E /* GoogleService-Info.plist in Resources */ = {isa = PBXBuildFile; fileRef = A3060FEE2B5132C60071964E /* GoogleService-Info.plist */; };
		A3060FF22B51343D0071964E /* FirebaseAnalytics in Frameworks */ = {isa = PBXBuildFile; productRef = A3060FF12B51343D0071964E /* FirebaseAnalytics */; };
		A3060FF42B51343D0071964E /* FirebaseAnalyticsOnDeviceConversion in Frameworks */ = {isa = PBXBuildFile; productRef = A3060FF32B51343D0071964E /* FirebaseAnalyticsOnDeviceConversion */; };
		A3060FF62B51343D0071964E /* FirebaseAnalyticsSwift in Frameworks */ = {isa = PBXBuildFile; productRef = A3060FF52B51343D0071964E /* FirebaseAnalyticsSwift */; };
		A3060FF82B51343D0071964E /* FirebaseAnalyticsWithoutAdIdSupport in Frameworks */ = {isa = PBXBuildFile; productRef = A3060FF72B51343D0071964E /* FirebaseAnalyticsWithoutAdIdSupport */; };
		A3060FFA2B51343D0071964E /* FirebaseAppCheck in Frameworks */ = {isa = PBXBuildFile; productRef = A3060FF92B51343D0071964E /* FirebaseAppCheck */; };
		A3060FFC2B51343D0071964E /* FirebaseAppDistribution-Beta in Frameworks */ = {isa = PBXBuildFile; productRef = A3060FFB2B51343D0071964E /* FirebaseAppDistribution-Beta */; };
		A3060FFE2B51343D0071964E /* FirebaseAuth in Frameworks */ = {isa = PBXBuildFile; productRef = A3060FFD2B51343D0071964E /* FirebaseAuth */; };
		A30610002B51343D0071964E /* FirebaseAuthCombine-Community in Frameworks */ = {isa = PBXBuildFile; productRef = A3060FFF2B51343D0071964E /* FirebaseAuthCombine-Community */; };
		A30610022B51343D0071964E /* FirebaseCrashlytics in Frameworks */ = {isa = PBXBuildFile; productRef = A30610012B51343D0071964E /* FirebaseCrashlytics */; };
		A30610042B51343D0071964E /* FirebaseDatabase in Frameworks */ = {isa = PBXBuildFile; productRef = A30610032B51343D0071964E /* FirebaseDatabase */; };
		A30610062B51343D0071964E /* FirebaseDatabaseSwift in Frameworks */ = {isa = PBXBuildFile; productRef = A30610052B51343D0071964E /* FirebaseDatabaseSwift */; };
		A30610082B51343D0071964E /* FirebaseDynamicLinks in Frameworks */ = {isa = PBXBuildFile; productRef = A30610072B51343D0071964E /* FirebaseDynamicLinks */; };
		A306100A2B51343D0071964E /* FirebaseFirestore in Frameworks */ = {isa = PBXBuildFile; productRef = A30610092B51343D0071964E /* FirebaseFirestore */; };
		A306100C2B51343D0071964E /* FirebaseFirestoreCombine-Community in Frameworks */ = {isa = PBXBuildFile; productRef = A306100B2B51343D0071964E /* FirebaseFirestoreCombine-Community */; };
		A306100E2B51343D0071964E /* FirebaseFirestoreSwift in Frameworks */ = {isa = PBXBuildFile; productRef = A306100D2B51343D0071964E /* FirebaseFirestoreSwift */; };
		A30610102B51343D0071964E /* FirebaseFunctions in Frameworks */ = {isa = PBXBuildFile; productRef = A306100F2B51343D0071964E /* FirebaseFunctions */; };
		A30610122B51343D0071964E /* FirebaseFunctionsCombine-Community in Frameworks */ = {isa = PBXBuildFile; productRef = A30610112B51343D0071964E /* FirebaseFunctionsCombine-Community */; };
		A30610142B51343D0071964E /* FirebaseInAppMessaging-Beta in Frameworks */ = {isa = PBXBuildFile; productRef = A30610132B51343D0071964E /* FirebaseInAppMessaging-Beta */; };
		A30610162B51343D0071964E /* FirebaseInAppMessagingSwift-Beta in Frameworks */ = {isa = PBXBuildFile; productRef = A30610152B51343D0071964E /* FirebaseInAppMessagingSwift-Beta */; };
		A30610182B51343D0071964E /* FirebaseInstallations in Frameworks */ = {isa = PBXBuildFile; productRef = A30610172B51343D0071964E /* FirebaseInstallations */; };
		A306101A2B51343D0071964E /* FirebaseMLModelDownloader in Frameworks */ = {isa = PBXBuildFile; productRef = A30610192B51343D0071964E /* FirebaseMLModelDownloader */; };
		A306101C2B51343D0071964E /* FirebaseMessaging in Frameworks */ = {isa = PBXBuildFile; productRef = A306101B2B51343D0071964E /* FirebaseMessaging */; };
		A306101E2B51343D0071964E /* FirebasePerformance in Frameworks */ = {isa = PBXBuildFile; productRef = A306101D2B51343D0071964E /* FirebasePerformance */; };
		A30610202B51343D0071964E /* FirebaseRemoteConfig in Frameworks */ = {isa = PBXBuildFile; productRef = A306101F2B51343D0071964E /* FirebaseRemoteConfig */; };
		A30610222B51343D0071964E /* FirebaseRemoteConfigSwift in Frameworks */ = {isa = PBXBuildFile; productRef = A30610212B51343D0071964E /* FirebaseRemoteConfigSwift */; };
		A30610242B51343D0071964E /* FirebaseStorage in Frameworks */ = {isa = PBXBuildFile; productRef = A30610232B51343D0071964E /* FirebaseStorage */; };
		A30610262B51343D0071964E /* FirebaseStorageCombine-Community in Frameworks */ = {isa = PBXBuildFile; productRef = A30610252B51343D0071964E /* FirebaseStorageCombine-Community */; };
		A30610282B51346B0071964E /* Readme.MD in Resources */ = {isa = PBXBuildFile; fileRef = A30610272B51346B0071964E /* Readme.MD */; };
		A306102D2B5136490071964E /* LoginViewModel.swift in Sources */ = {isa = PBXBuildFile; fileRef = A306102C2B5136490071964E /* LoginViewModel.swift */; };
		A306102F2B5136770071964E /* RegistrationViewModel.swift in Sources */ = {isa = PBXBuildFile; fileRef = A306102E2B5136770071964E /* RegistrationViewModel.swift */; };
		A30610312B5136A40071964E /* AuthService.swift in Sources */ = {isa = PBXBuildFile; fileRef = A30610302B5136A40071964E /* AuthService.swift */; };
		A30610362B51423B0071964E /* ContentViewModel.swift in Sources */ = {isa = PBXBuildFile; fileRef = A30610352B51423B0071964E /* ContentViewModel.swift */; };
		A3471C502B57DC8F000D7054 /* UserService.swift in Sources */ = {isa = PBXBuildFile; fileRef = A3471C4F2B57DC8F000D7054 /* UserService.swift */; };
		A3B6AACD2B4FCBCE00796CE4 /* ChatSwiftApp.swift in Sources */ = {isa = PBXBuildFile; fileRef = A3B6AACC2B4FCBCE00796CE4 /* ChatSwiftApp.swift */; };
		A3B6AACF2B4FCBCE00796CE4 /* ContentView.swift in Sources */ = {isa = PBXBuildFile; fileRef = A3B6AACE2B4FCBCE00796CE4 /* ContentView.swift */; };
		A3B6AAD12B4FCBD100796CE4 /* Assets.xcassets in Resources */ = {isa = PBXBuildFile; fileRef = A3B6AAD02B4FCBD100796CE4 /* Assets.xcassets */; };
		A3B6AAD52B4FCBD100796CE4 /* Preview Assets.xcassets in Resources */ = {isa = PBXBuildFile; fileRef = A3B6AAD42B4FCBD100796CE4 /* Preview Assets.xcassets */; };
		A3B6AAE32B4FCCED00796CE4 /* LoginView.swift in Sources */ = {isa = PBXBuildFile; fileRef = A3B6AAE22B4FCCED00796CE4 /* LoginView.swift */; };
		A3B6AAE52B4FDDC200796CE4 /* RegistrationView.swift in Sources */ = {isa = PBXBuildFile; fileRef = A3B6AAE42B4FDDC200796CE4 /* RegistrationView.swift */; };
		A3B6AAE82B4FDF8C00796CE4 /* InboxView.swift in Sources */ = {isa = PBXBuildFile; fileRef = A3B6AAE72B4FDF8C00796CE4 /* InboxView.swift */; };
		A3B6AAEB2B4FE0FD00796CE4 /* ActiveNowView.swift in Sources */ = {isa = PBXBuildFile; fileRef = A3B6AAEA2B4FE0FD00796CE4 /* ActiveNowView.swift */; };
		A3B6AAED2B4FE2E900796CE4 /* InboxRowView.swift in Sources */ = {isa = PBXBuildFile; fileRef = A3B6AAEC2B4FE2E900796CE4 /* InboxRowView.swift */; };
		A3B6AAF02B4FE6E200796CE4 /* NewMessageView.swift in Sources */ = {isa = PBXBuildFile; fileRef = A3B6AAEF2B4FE6E200796CE4 /* NewMessageView.swift */; };
		A3B6AAF52B50084C00796CE4 /* ProfileView.swift in Sources */ = {isa = PBXBuildFile; fileRef = A3B6AAF42B50084C00796CE4 /* ProfileView.swift */; };
		A3B6AAF72B500A2100796CE4 /* SettingsOptionsViewModel.swift in Sources */ = {isa = PBXBuildFile; fileRef = A3B6AAF62B500A2100796CE4 /* SettingsOptionsViewModel.swift */; };
/* End PBXBuildFile section */

/* Begin PBXFileReference section */
		A3060FDE2B50FE5F0071964E /* ProfileViewModel.swift */ = {isa = PBXFileReference; lastKnownFileType = sourcecode.swift; path = ProfileViewModel.swift; sourceTree = "<group>"; };
		A3060FE02B5106770071964E /* User.swift */ = {isa = PBXFileReference; lastKnownFileType = sourcecode.swift; path = User.swift; sourceTree = "<group>"; };
		A3060FE52B5114FE0071964E /* CircularImageProfileView.swift */ = {isa = PBXFileReference; lastKnownFileType = sourcecode.swift; path = CircularImageProfileView.swift; sourceTree = "<group>"; };
		A3060FE82B5119260071964E /* ChatView.swift */ = {isa = PBXFileReference; lastKnownFileType = sourcecode.swift; path = ChatView.swift; sourceTree = "<group>"; };
		A3060FEA2B511F370071964E /* ChatMessageCell.swift */ = {isa = PBXFileReference; lastKnownFileType = sourcecode.swift; path = ChatMessageCell.swift; sourceTree = "<group>"; };
		A3060FEC2B512FA90071964E /* ChatBubble.swift */ = {isa = PBXFileReference; lastKnownFileType = sourcecode.swift; path = ChatBubble.swift; sourceTree = "<group>"; };
		A3060FEE2B5132C60071964E /* GoogleService-Info.plist */ = {isa = PBXFileReference; lastKnownFileType = text.plist.xml; name = "GoogleService-Info.plist"; path = "ChatSwift/GoogleService-Info.plist"; sourceTree = SOURCE_ROOT; };
		A30610272B51346B0071964E /* Readme.MD */ = {isa = PBXFileReference; lastKnownFileType = net.daringfireball.markdown; path = Readme.MD; sourceTree = "<group>"; };
		A306102C2B5136490071964E /* LoginViewModel.swift */ = {isa = PBXFileReference; lastKnownFileType = sourcecode.swift; path = LoginViewModel.swift; sourceTree = "<group>"; };
		A306102E2B5136770071964E /* RegistrationViewModel.swift */ = {isa = PBXFileReference; lastKnownFileType = sourcecode.swift; path = RegistrationViewModel.swift; sourceTree = "<group>"; };
		A30610302B5136A40071964E /* AuthService.swift */ = {isa = PBXFileReference; lastKnownFileType = sourcecode.swift; path = AuthService.swift; sourceTree = "<group>"; };
		A30610352B51423B0071964E /* ContentViewModel.swift */ = {isa = PBXFileReference; lastKnownFileType = sourcecode.swift; path = ContentViewModel.swift; sourceTree = "<group>"; };
		A3471C4F2B57DC8F000D7054 /* UserService.swift */ = {isa = PBXFileReference; lastKnownFileType = sourcecode.swift; path = UserService.swift; sourceTree = "<group>"; };
		A3B6AAC92B4FCBCE00796CE4 /* ChatSwift.app */ = {isa = PBXFileReference; explicitFileType = wrapper.application; includeInIndex = 0; path = ChatSwift.app; sourceTree = BUILT_PRODUCTS_DIR; };
		A3B6AACC2B4FCBCE00796CE4 /* ChatSwiftApp.swift */ = {isa = PBXFileReference; lastKnownFileType = sourcecode.swift; path = ChatSwiftApp.swift; sourceTree = "<group>"; };
		A3B6AACE2B4FCBCE00796CE4 /* ContentView.swift */ = {isa = PBXFileReference; lastKnownFileType = sourcecode.swift; path = ContentView.swift; sourceTree = "<group>"; };
		A3B6AAD02B4FCBD100796CE4 /* Assets.xcassets */ = {isa = PBXFileReference; lastKnownFileType = folder.assetcatalog; path = Assets.xcassets; sourceTree = "<group>"; };
		A3B6AAD22B4FCBD100796CE4 /* ChatSwift.entitlements */ = {isa = PBXFileReference; lastKnownFileType = text.plist.entitlements; path = ChatSwift.entitlements; sourceTree = "<group>"; };
		A3B6AAD42B4FCBD100796CE4 /* Preview Assets.xcassets */ = {isa = PBXFileReference; lastKnownFileType = folder.assetcatalog; path = "Preview Assets.xcassets"; sourceTree = "<group>"; };
		A3B6AAE22B4FCCED00796CE4 /* LoginView.swift */ = {isa = PBXFileReference; lastKnownFileType = sourcecode.swift; path = LoginView.swift; sourceTree = "<group>"; };
		A3B6AAE42B4FDDC200796CE4 /* RegistrationView.swift */ = {isa = PBXFileReference; lastKnownFileType = sourcecode.swift; path = RegistrationView.swift; sourceTree = "<group>"; };
		A3B6AAE72B4FDF8C00796CE4 /* InboxView.swift */ = {isa = PBXFileReference; lastKnownFileType = sourcecode.swift; path = InboxView.swift; sourceTree = "<group>"; };
		A3B6AAEA2B4FE0FD00796CE4 /* ActiveNowView.swift */ = {isa = PBXFileReference; lastKnownFileType = sourcecode.swift; path = ActiveNowView.swift; sourceTree = "<group>"; };
		A3B6AAEC2B4FE2E900796CE4 /* InboxRowView.swift */ = {isa = PBXFileReference; lastKnownFileType = sourcecode.swift; path = InboxRowView.swift; sourceTree = "<group>"; };
		A3B6AAEF2B4FE6E200796CE4 /* NewMessageView.swift */ = {isa = PBXFileReference; lastKnownFileType = sourcecode.swift; path = NewMessageView.swift; sourceTree = "<group>"; };
		A3B6AAF42B50084C00796CE4 /* ProfileView.swift */ = {isa = PBXFileReference; lastKnownFileType = sourcecode.swift; path = ProfileView.swift; sourceTree = "<group>"; };
		A3B6AAF62B500A2100796CE4 /* SettingsOptionsViewModel.swift */ = {isa = PBXFileReference; lastKnownFileType = sourcecode.swift; path = SettingsOptionsViewModel.swift; sourceTree = "<group>"; };
/* End PBXFileReference section */

/* Begin PBXFrameworksBuildPhase section */
		A3B6AAC62B4FCBCE00796CE4 /* Frameworks */ = {
			isa = PBXFrameworksBuildPhase;
			buildActionMask = 2147483647;
			files = (
				A30610042B51343D0071964E /* FirebaseDatabase in Frameworks */,
				A30610122B51343D0071964E /* FirebaseFunctionsCombine-Community in Frameworks */,
				A306100A2B51343D0071964E /* FirebaseFirestore in Frameworks */,
				A3060FF62B51343D0071964E /* FirebaseAnalyticsSwift in Frameworks */,
				A3060FF22B51343D0071964E /* FirebaseAnalytics in Frameworks */,
				A3060FF42B51343D0071964E /* FirebaseAnalyticsOnDeviceConversion in Frameworks */,
				A306101A2B51343D0071964E /* FirebaseMLModelDownloader in Frameworks */,
				A306100E2B51343D0071964E /* FirebaseFirestoreSwift in Frameworks */,
				A3060FFA2B51343D0071964E /* FirebaseAppCheck in Frameworks */,
				A3060FF82B51343D0071964E /* FirebaseAnalyticsWithoutAdIdSupport in Frameworks */,
				A3060FFE2B51343D0071964E /* FirebaseAuth in Frameworks */,
				A30610022B51343D0071964E /* FirebaseCrashlytics in Frameworks */,
				A30610222B51343D0071964E /* FirebaseRemoteConfigSwift in Frameworks */,
				A30610142B51343D0071964E /* FirebaseInAppMessaging-Beta in Frameworks */,
				A30610062B51343D0071964E /* FirebaseDatabaseSwift in Frameworks */,
				A30610102B51343D0071964E /* FirebaseFunctions in Frameworks */,
				A30610262B51343D0071964E /* FirebaseStorageCombine-Community in Frameworks */,
				A30610202B51343D0071964E /* FirebaseRemoteConfig in Frameworks */,
				A3060FFC2B51343D0071964E /* FirebaseAppDistribution-Beta in Frameworks */,
				A30610002B51343D0071964E /* FirebaseAuthCombine-Community in Frameworks */,
				A306101E2B51343D0071964E /* FirebasePerformance in Frameworks */,
				A30610162B51343D0071964E /* FirebaseInAppMessagingSwift-Beta in Frameworks */,
				A30610242B51343D0071964E /* FirebaseStorage in Frameworks */,
				A30610082B51343D0071964E /* FirebaseDynamicLinks in Frameworks */,
				A306100C2B51343D0071964E /* FirebaseFirestoreCombine-Community in Frameworks */,
				A306101C2B51343D0071964E /* FirebaseMessaging in Frameworks */,
				A30610182B51343D0071964E /* FirebaseInstallations in Frameworks */,
			);
			runOnlyForDeploymentPostprocessing = 0;
		};
/* End PBXFrameworksBuildPhase section */

/* Begin PBXGroup section */
		A3060FE22B5114C30071964E /* Components */ = {
			isa = PBXGroup;
			children = (
				A3060FE52B5114FE0071964E /* CircularImageProfileView.swift */,
			);
			path = Components;
			sourceTree = "<group>";
		};
		A3060FE72B5119190071964E /* Chat */ = {
			isa = PBXGroup;
			children = (
				A3060FE82B5119260071964E /* ChatView.swift */,
				A3060FEA2B511F370071964E /* ChatMessageCell.swift */,
				A3060FEC2B512FA90071964E /* ChatBubble.swift */,
			);
			path = Chat;
			sourceTree = "<group>";
		};
		A30610292B5136100071964E /* View */ = {
			isa = PBXGroup;
			children = (
				A3B6AAE22B4FCCED00796CE4 /* LoginView.swift */,
				A3B6AAE42B4FDDC200796CE4 /* RegistrationView.swift */,
			);
			path = View;
			sourceTree = "<group>";
		};
		A306102A2B51361E0071964E /* ViewModel */ = {
			isa = PBXGroup;
			children = (
				A306102C2B5136490071964E /* LoginViewModel.swift */,
				A306102E2B5136770071964E /* RegistrationViewModel.swift */,
			);
			path = ViewModel;
			sourceTree = "<group>";
		};
		A306102B2B5136240071964E /* Service */ = {
			isa = PBXGroup;
			children = (
				A30610302B5136A40071964E /* AuthService.swift */,
			);
			path = Service;
			sourceTree = "<group>";
		};
		A30610322B5141FE0071964E /* ViewModel */ = {
			isa = PBXGroup;
			children = (
				A30610352B51423B0071964E /* ContentViewModel.swift */,
			);
			path = ViewModel;
			sourceTree = "<group>";
		};
		A30610332B5142090071964E /* View */ = {
			isa = PBXGroup;
			children = (
				A3B6AACE2B4FCBCE00796CE4 /* ContentView.swift */,
			);
			path = View;
			sourceTree = "<group>";
		};
		A3B6AAC02B4FCBCE00796CE4 = {
			isa = PBXGroup;
			children = (
				A30610272B51346B0071964E /* Readme.MD */,
				A3B6AACB2B4FCBCE00796CE4 /* ChatSwift */,
				A3B6AACA2B4FCBCE00796CE4 /* Products */,
			);
			sourceTree = "<group>";
		};
		A3B6AACA2B4FCBCE00796CE4 /* Products */ = {
			isa = PBXGroup;
			children = (
				A3B6AAC92B4FCBCE00796CE4 /* ChatSwift.app */,
			);
			name = Products;
			sourceTree = "<group>";
		};
		A3B6AACB2B4FCBCE00796CE4 /* ChatSwift */ = {
			isa = PBXGroup;
			children = (
				A3B6AADF2B4FCC7400796CE4 /* App */,
				A3B6AADB2B4FCC6900796CE4 /* Extensions */,
				A3B6AADE2B4FCC7000796CE4 /* Core */,
				A3B6AADD2B4FCC6D00796CE4 /* Model */,
				A3B6AADC2B4FCC6B00796CE4 /* Service */,
				A3B6AAD02B4FCBD100796CE4 /* Assets.xcassets */,
				A3B6AAD22B4FCBD100796CE4 /* ChatSwift.entitlements */,
				A3B6AAD32B4FCBD100796CE4 /* Preview Content */,
				A3060FEE2B5132C60071964E /* GoogleService-Info.plist */,
			);
			path = ChatSwift;
			sourceTree = "<group>";
		};
		A3B6AAD32B4FCBD100796CE4 /* Preview Content */ = {
			isa = PBXGroup;
			children = (
				A3B6AAD42B4FCBD100796CE4 /* Preview Assets.xcassets */,
			);
			path = "Preview Content";
			sourceTree = "<group>";
		};
		A3B6AADB2B4FCC6900796CE4 /* Extensions */ = {
			isa = PBXGroup;
			children = (
			);
			path = Extensions;
			sourceTree = "<group>";
		};
		A3B6AADC2B4FCC6B00796CE4 /* Service */ = {
			isa = PBXGroup;
			children = (
				A3471C4F2B57DC8F000D7054 /* UserService.swift */,
			);
			path = Service;
			sourceTree = "<group>";
		};
		A3B6AADD2B4FCC6D00796CE4 /* Model */ = {
			isa = PBXGroup;
			children = (
				A3060FE02B5106770071964E /* User.swift */,
			);
			path = Model;
			sourceTree = "<group>";
		};
		A3B6AADE2B4FCC7000796CE4 /* Core */ = {
			isa = PBXGroup;
			children = (
				A3B6AAE92B4FE0E700796CE4 /* ActiveNow */,
				A3B6AAE02B4FCCBD00796CE4 /* Authentication */,
				A3060FE72B5119190071964E /* Chat */,
				A3060FE22B5114C30071964E /* Components */,
				A3B6AAE62B4FDF6D00796CE4 /* Inbox */,
				A3B6AAEE2B4FE6CF00796CE4 /* NewMessage */,
				A3B6AAF12B50082300796CE4 /* Profile */,
				A3B6AAE12B4FCCC700796CE4 /* Root */,
			);
			path = Core;
			sourceTree = "<group>";
		};
		A3B6AADF2B4FCC7400796CE4 /* App */ = {
			isa = PBXGroup;
			children = (
				A3B6AACC2B4FCBCE00796CE4 /* ChatSwiftApp.swift */,
			);
			path = App;
			sourceTree = "<group>";
		};
		A3B6AAE02B4FCCBD00796CE4 /* Authentication */ = {
			isa = PBXGroup;
			children = (
				A306102B2B5136240071964E /* Service */,
				A306102A2B51361E0071964E /* ViewModel */,
				A30610292B5136100071964E /* View */,
			);
			path = Authentication;
			sourceTree = "<group>";
		};
		A3B6AAE12B4FCCC700796CE4 /* Root */ = {
			isa = PBXGroup;
			children = (
				A30610332B5142090071964E /* View */,
				A30610322B5141FE0071964E /* ViewModel */,
			);
			path = Root;
			sourceTree = "<group>";
		};
		A3B6AAE62B4FDF6D00796CE4 /* Inbox */ = {
			isa = PBXGroup;
			children = (
				A3B6AAE72B4FDF8C00796CE4 /* InboxView.swift */,
				A3B6AAEC2B4FE2E900796CE4 /* InboxRowView.swift */,
			);
			path = Inbox;
			sourceTree = "<group>";
		};
		A3B6AAE92B4FE0E700796CE4 /* ActiveNow */ = {
			isa = PBXGroup;
			children = (
				A3B6AAEA2B4FE0FD00796CE4 /* ActiveNowView.swift */,
			);
			path = ActiveNow;
			sourceTree = "<group>";
		};
		A3B6AAEE2B4FE6CF00796CE4 /* NewMessage */ = {
			isa = PBXGroup;
			children = (
				A3B6AAEF2B4FE6E200796CE4 /* NewMessageView.swift */,
			);
			path = NewMessage;
			sourceTree = "<group>";
		};
		A3B6AAF12B50082300796CE4 /* Profile */ = {
			isa = PBXGroup;
			children = (
				A3B6AAF32B50083F00796CE4 /* View */,
				A3B6AAF22B50083800796CE4 /* ViewModel */,
			);
			path = Profile;
			sourceTree = "<group>";
		};
		A3B6AAF22B50083800796CE4 /* ViewModel */ = {
			isa = PBXGroup;
			children = (
				A3B6AAF62B500A2100796CE4 /* SettingsOptionsViewModel.swift */,
				A3060FDE2B50FE5F0071964E /* ProfileViewModel.swift */,
			);
			path = ViewModel;
			sourceTree = "<group>";
		};
		A3B6AAF32B50083F00796CE4 /* View */ = {
			isa = PBXGroup;
			children = (
				A3B6AAF42B50084C00796CE4 /* ProfileView.swift */,
			);
			path = View;
			sourceTree = "<group>";
		};
/* End PBXGroup section */

/* Begin PBXNativeTarget section */
		A3B6AAC82B4FCBCE00796CE4 /* ChatSwift */ = {
			isa = PBXNativeTarget;
			buildConfigurationList = A3B6AAD82B4FCBD100796CE4 /* Build configuration list for PBXNativeTarget "ChatSwift" */;
			buildPhases = (
				A3B6AAC52B4FCBCE00796CE4 /* Sources */,
				A3B6AAC62B4FCBCE00796CE4 /* Frameworks */,
				A3B6AAC72B4FCBCE00796CE4 /* Resources */,
			);
			buildRules = (
			);
			dependencies = (
			);
			name = ChatSwift;
			packageProductDependencies = (
				A3060FF12B51343D0071964E /* FirebaseAnalytics */,
				A3060FF32B51343D0071964E /* FirebaseAnalyticsOnDeviceConversion */,
				A3060FF52B51343D0071964E /* FirebaseAnalyticsSwift */,
				A3060FF72B51343D0071964E /* FirebaseAnalyticsWithoutAdIdSupport */,
				A3060FF92B51343D0071964E /* FirebaseAppCheck */,
				A3060FFB2B51343D0071964E /* FirebaseAppDistribution-Beta */,
				A3060FFD2B51343D0071964E /* FirebaseAuth */,
				A3060FFF2B51343D0071964E /* FirebaseAuthCombine-Community */,
				A30610012B51343D0071964E /* FirebaseCrashlytics */,
				A30610032B51343D0071964E /* FirebaseDatabase */,
				A30610052B51343D0071964E /* FirebaseDatabaseSwift */,
				A30610072B51343D0071964E /* FirebaseDynamicLinks */,
				A30610092B51343D0071964E /* FirebaseFirestore */,
				A306100B2B51343D0071964E /* FirebaseFirestoreCombine-Community */,
				A306100D2B51343D0071964E /* FirebaseFirestoreSwift */,
				A306100F2B51343D0071964E /* FirebaseFunctions */,
				A30610112B51343D0071964E /* FirebaseFunctionsCombine-Community */,
				A30610132B51343D0071964E /* FirebaseInAppMessaging-Beta */,
				A30610152B51343D0071964E /* FirebaseInAppMessagingSwift-Beta */,
				A30610172B51343D0071964E /* FirebaseInstallations */,
				A30610192B51343D0071964E /* FirebaseMLModelDownloader */,
				A306101B2B51343D0071964E /* FirebaseMessaging */,
				A306101D2B51343D0071964E /* FirebasePerformance */,
				A306101F2B51343D0071964E /* FirebaseRemoteConfig */,
				A30610212B51343D0071964E /* FirebaseRemoteConfigSwift */,
				A30610232B51343D0071964E /* FirebaseStorage */,
				A30610252B51343D0071964E /* FirebaseStorageCombine-Community */,
			);
			productName = ChatSwift;
			productReference = A3B6AAC92B4FCBCE00796CE4 /* ChatSwift.app */;
			productType = "com.apple.product-type.application";
		};
/* End PBXNativeTarget section */

/* Begin PBXProject section */
		A3B6AAC12B4FCBCE00796CE4 /* Project object */ = {
			isa = PBXProject;
			attributes = {
				BuildIndependentTargetsInParallel = 1;
				LastSwiftUpdateCheck = 1510;
				LastUpgradeCheck = 1510;
				TargetAttributes = {
					A3B6AAC82B4FCBCE00796CE4 = {
						CreatedOnToolsVersion = 15.1;
					};
				};
			};
			buildConfigurationList = A3B6AAC42B4FCBCE00796CE4 /* Build configuration list for PBXProject "ChatSwift" */;
			compatibilityVersion = "Xcode 14.0";
			developmentRegion = en;
			hasScannedForEncodings = 0;
			knownRegions = (
				en,
				Base,
			);
			mainGroup = A3B6AAC02B4FCBCE00796CE4;
			packageReferences = (
				A3060FF02B51343D0071964E /* XCRemoteSwiftPackageReference "firebase-ios-sdk" */,
			);
			productRefGroup = A3B6AACA2B4FCBCE00796CE4 /* Products */;
			projectDirPath = "";
			projectRoot = "";
			targets = (
				A3B6AAC82B4FCBCE00796CE4 /* ChatSwift */,
			);
		};
/* End PBXProject section */

/* Begin PBXResourcesBuildPhase section */
		A3B6AAC72B4FCBCE00796CE4 /* Resources */ = {
			isa = PBXResourcesBuildPhase;
			buildActionMask = 2147483647;
			files = (
				A3B6AAD52B4FCBD100796CE4 /* Preview Assets.xcassets in Resources */,
				A3B6AAD12B4FCBD100796CE4 /* Assets.xcassets in Resources */,
				A30610282B51346B0071964E /* Readme.MD in Resources */,
				A3060FEF2B5132C60071964E /* GoogleService-Info.plist in Resources */,
			);
			runOnlyForDeploymentPostprocessing = 0;
		};
/* End PBXResourcesBuildPhase section */

/* Begin PBXSourcesBuildPhase section */
		A3B6AAC52B4FCBCE00796CE4 /* Sources */ = {
			isa = PBXSourcesBuildPhase;
			buildActionMask = 2147483647;
			files = (
				A3060FE62B5114FE0071964E /* CircularImageProfileView.swift in Sources */,
				A306102F2B5136770071964E /* RegistrationViewModel.swift in Sources */,
				A3B6AAED2B4FE2E900796CE4 /* InboxRowView.swift in Sources */,
				A3B6AAF52B50084C00796CE4 /* ProfileView.swift in Sources */,
				A30610362B51423B0071964E /* ContentViewModel.swift in Sources */,
				A3B6AAF02B4FE6E200796CE4 /* NewMessageView.swift in Sources */,
				A3060FE92B5119260071964E /* ChatView.swift in Sources */,
				A30610312B5136A40071964E /* AuthService.swift in Sources */,
				A3B6AAE32B4FCCED00796CE4 /* LoginView.swift in Sources */,
				A3060FEB2B511F370071964E /* ChatMessageCell.swift in Sources */,
				A3060FED2B512FA90071964E /* ChatBubble.swift in Sources */,
				A3B6AACF2B4FCBCE00796CE4 /* ContentView.swift in Sources */,
				A3B6AAE82B4FDF8C00796CE4 /* InboxView.swift in Sources */,
				A306102D2B5136490071964E /* LoginViewModel.swift in Sources */,
				A3471C502B57DC8F000D7054 /* UserService.swift in Sources */,
				A3B6AAEB2B4FE0FD00796CE4 /* ActiveNowView.swift in Sources */,
				A3060FDF2B50FE5F0071964E /* ProfileViewModel.swift in Sources */,
				A3060FE12B5106770071964E /* User.swift in Sources */,
				A3B6AACD2B4FCBCE00796CE4 /* ChatSwiftApp.swift in Sources */,
				A3B6AAF72B500A2100796CE4 /* SettingsOptionsViewModel.swift in Sources */,
				A3B6AAE52B4FDDC200796CE4 /* RegistrationView.swift in Sources */,
			);
			runOnlyForDeploymentPostprocessing = 0;
		};
/* End PBXSourcesBuildPhase section */

/* Begin XCBuildConfiguration section */
		A3B6AAD62B4FCBD100796CE4 /* Debug */ = {
			isa = XCBuildConfiguration;
			buildSettings = {
				ALWAYS_SEARCH_USER_PATHS = NO;
				ASSETCATALOG_COMPILER_GENERATE_SWIFT_ASSET_SYMBOL_EXTENSIONS = YES;
				CLANG_ANALYZER_NONNULL = YES;
				CLANG_ANALYZER_NUMBER_OBJECT_CONVERSION = YES_AGGRESSIVE;
				CLANG_CXX_LANGUAGE_STANDARD = "gnu++20";
				CLANG_ENABLE_MODULES = YES;
				CLANG_ENABLE_OBJC_ARC = YES;
				CLANG_ENABLE_OBJC_WEAK = YES;
				CLANG_WARN_BLOCK_CAPTURE_AUTORELEASING = YES;
				CLANG_WARN_BOOL_CONVERSION = YES;
				CLANG_WARN_COMMA = YES;
				CLANG_WARN_CONSTANT_CONVERSION = YES;
				CLANG_WARN_DEPRECATED_OBJC_IMPLEMENTATIONS = YES;
				CLANG_WARN_DIRECT_OBJC_ISA_USAGE = YES_ERROR;
				CLANG_WARN_DOCUMENTATION_COMMENTS = YES;
				CLANG_WARN_EMPTY_BODY = YES;
				CLANG_WARN_ENUM_CONVERSION = YES;
				CLANG_WARN_INFINITE_RECURSION = YES;
				CLANG_WARN_INT_CONVERSION = YES;
				CLANG_WARN_NON_LITERAL_NULL_CONVERSION = YES;
				CLANG_WARN_OBJC_IMPLICIT_RETAIN_SELF = YES;
				CLANG_WARN_OBJC_LITERAL_CONVERSION = YES;
				CLANG_WARN_OBJC_ROOT_CLASS = YES_ERROR;
				CLANG_WARN_QUOTED_INCLUDE_IN_FRAMEWORK_HEADER = YES;
				CLANG_WARN_RANGE_LOOP_ANALYSIS = YES;
				CLANG_WARN_STRICT_PROTOTYPES = YES;
				CLANG_WARN_SUSPICIOUS_MOVE = YES;
				CLANG_WARN_UNGUARDED_AVAILABILITY = YES_AGGRESSIVE;
				CLANG_WARN_UNREACHABLE_CODE = YES;
				CLANG_WARN__DUPLICATE_METHOD_MATCH = YES;
				COPY_PHASE_STRIP = NO;
				DEBUG_INFORMATION_FORMAT = dwarf;
				ENABLE_STRICT_OBJC_MSGSEND = YES;
				ENABLE_TESTABILITY = YES;
				ENABLE_USER_SCRIPT_SANDBOXING = YES;
				GCC_C_LANGUAGE_STANDARD = gnu17;
				GCC_DYNAMIC_NO_PIC = NO;
				GCC_NO_COMMON_BLOCKS = YES;
				GCC_OPTIMIZATION_LEVEL = 0;
				GCC_PREPROCESSOR_DEFINITIONS = (
					"DEBUG=1",
					"$(inherited)",
				);
				GCC_WARN_64_TO_32_BIT_CONVERSION = YES;
				GCC_WARN_ABOUT_RETURN_TYPE = YES_ERROR;
				GCC_WARN_UNDECLARED_SELECTOR = YES;
				GCC_WARN_UNINITIALIZED_AUTOS = YES_AGGRESSIVE;
				GCC_WARN_UNUSED_FUNCTION = YES;
				GCC_WARN_UNUSED_VARIABLE = YES;
				LOCALIZATION_PREFERS_STRING_CATALOGS = YES;
				MTL_ENABLE_DEBUG_INFO = INCLUDE_SOURCE;
				MTL_FAST_MATH = YES;
				ONLY_ACTIVE_ARCH = YES;
				SWIFT_ACTIVE_COMPILATION_CONDITIONS = "DEBUG $(inherited)";
				SWIFT_OPTIMIZATION_LEVEL = "-Onone";
			};
			name = Debug;
		};
		A3B6AAD72B4FCBD100796CE4 /* Release */ = {
			isa = XCBuildConfiguration;
			buildSettings = {
				ALWAYS_SEARCH_USER_PATHS = NO;
				ASSETCATALOG_COMPILER_GENERATE_SWIFT_ASSET_SYMBOL_EXTENSIONS = YES;
				CLANG_ANALYZER_NONNULL = YES;
				CLANG_ANALYZER_NUMBER_OBJECT_CONVERSION = YES_AGGRESSIVE;
				CLANG_CXX_LANGUAGE_STANDARD = "gnu++20";
				CLANG_ENABLE_MODULES = YES;
				CLANG_ENABLE_OBJC_ARC = YES;
				CLANG_ENABLE_OBJC_WEAK = YES;
				CLANG_WARN_BLOCK_CAPTURE_AUTORELEASING = YES;
				CLANG_WARN_BOOL_CONVERSION = YES;
				CLANG_WARN_COMMA = YES;
				CLANG_WARN_CONSTANT_CONVERSION = YES;
				CLANG_WARN_DEPRECATED_OBJC_IMPLEMENTATIONS = YES;
				CLANG_WARN_DIRECT_OBJC_ISA_USAGE = YES_ERROR;
				CLANG_WARN_DOCUMENTATION_COMMENTS = YES;
				CLANG_WARN_EMPTY_BODY = YES;
				CLANG_WARN_ENUM_CONVERSION = YES;
				CLANG_WARN_INFINITE_RECURSION = YES;
				CLANG_WARN_INT_CONVERSION = YES;
				CLANG_WARN_NON_LITERAL_NULL_CONVERSION = YES;
				CLANG_WARN_OBJC_IMPLICIT_RETAIN_SELF = YES;
				CLANG_WARN_OBJC_LITERAL_CONVERSION = YES;
				CLANG_WARN_OBJC_ROOT_CLASS = YES_ERROR;
				CLANG_WARN_QUOTED_INCLUDE_IN_FRAMEWORK_HEADER = YES;
				CLANG_WARN_RANGE_LOOP_ANALYSIS = YES;
				CLANG_WARN_STRICT_PROTOTYPES = YES;
				CLANG_WARN_SUSPICIOUS_MOVE = YES;
				CLANG_WARN_UNGUARDED_AVAILABILITY = YES_AGGRESSIVE;
				CLANG_WARN_UNREACHABLE_CODE = YES;
				CLANG_WARN__DUPLICATE_METHOD_MATCH = YES;
				COPY_PHASE_STRIP = NO;
				DEBUG_INFORMATION_FORMAT = "dwarf-with-dsym";
				ENABLE_NS_ASSERTIONS = NO;
				ENABLE_STRICT_OBJC_MSGSEND = YES;
				ENABLE_USER_SCRIPT_SANDBOXING = YES;
				GCC_C_LANGUAGE_STANDARD = gnu17;
				GCC_NO_COMMON_BLOCKS = YES;
				GCC_WARN_64_TO_32_BIT_CONVERSION = YES;
				GCC_WARN_ABOUT_RETURN_TYPE = YES_ERROR;
				GCC_WARN_UNDECLARED_SELECTOR = YES;
				GCC_WARN_UNINITIALIZED_AUTOS = YES_AGGRESSIVE;
				GCC_WARN_UNUSED_FUNCTION = YES;
				GCC_WARN_UNUSED_VARIABLE = YES;
				LOCALIZATION_PREFERS_STRING_CATALOGS = YES;
				MTL_ENABLE_DEBUG_INFO = NO;
				MTL_FAST_MATH = YES;
				SWIFT_COMPILATION_MODE = wholemodule;
			};
			name = Release;
		};
		A3B6AAD92B4FCBD100796CE4 /* Debug */ = {
			isa = XCBuildConfiguration;
			buildSettings = {
				ASSETCATALOG_COMPILER_APPICON_NAME = AppIcon;
				ASSETCATALOG_COMPILER_GLOBAL_ACCENT_COLOR_NAME = AccentColor;
				CODE_SIGN_ENTITLEMENTS = ChatSwift/ChatSwift.entitlements;
				CODE_SIGN_STYLE = Automatic;
				CURRENT_PROJECT_VERSION = 1;
				DEVELOPMENT_ASSET_PATHS = "\"ChatSwift/Preview Content\"";
				ENABLE_PREVIEWS = YES;
				GENERATE_INFOPLIST_FILE = YES;
				"INFOPLIST_KEY_UIApplicationSceneManifest_Generation[sdk=iphoneos*]" = YES;
				"INFOPLIST_KEY_UIApplicationSceneManifest_Generation[sdk=iphonesimulator*]" = YES;
				"INFOPLIST_KEY_UIApplicationSupportsIndirectInputEvents[sdk=iphoneos*]" = YES;
				"INFOPLIST_KEY_UIApplicationSupportsIndirectInputEvents[sdk=iphonesimulator*]" = YES;
				"INFOPLIST_KEY_UILaunchScreen_Generation[sdk=iphoneos*]" = YES;
				"INFOPLIST_KEY_UILaunchScreen_Generation[sdk=iphonesimulator*]" = YES;
				"INFOPLIST_KEY_UIStatusBarStyle[sdk=iphoneos*]" = UIStatusBarStyleDefault;
				"INFOPLIST_KEY_UIStatusBarStyle[sdk=iphonesimulator*]" = UIStatusBarStyleDefault;
				INFOPLIST_KEY_UISupportedInterfaceOrientations_iPad = "UIInterfaceOrientationPortrait UIInterfaceOrientationPortraitUpsideDown UIInterfaceOrientationLandscapeLeft UIInterfaceOrientationLandscapeRight";
				INFOPLIST_KEY_UISupportedInterfaceOrientations_iPhone = "UIInterfaceOrientationPortrait UIInterfaceOrientationLandscapeLeft UIInterfaceOrientationLandscapeRight";
				IPHONEOS_DEPLOYMENT_TARGET = 16.0;
				LD_RUNPATH_SEARCH_PATHS = "@executable_path/Frameworks";
				"LD_RUNPATH_SEARCH_PATHS[sdk=macosx*]" = "@executable_path/../Frameworks";
				MACOSX_DEPLOYMENT_TARGET = 13.0;
				MARKETING_VERSION = 1.0;
				PRODUCT_BUNDLE_IDENTIFIER = com.safiribyetes.ChatSwift;
				PRODUCT_NAME = "$(TARGET_NAME)";
				SDKROOT = auto;
				SUPPORTED_PLATFORMS = "iphoneos iphonesimulator macosx";
				SWIFT_EMIT_LOC_STRINGS = YES;
				SWIFT_VERSION = 5.0;
				TARGETED_DEVICE_FAMILY = "1,2";
			};
			name = Debug;
		};
		A3B6AADA2B4FCBD100796CE4 /* Release */ = {
			isa = XCBuildConfiguration;
			buildSettings = {
				ASSETCATALOG_COMPILER_APPICON_NAME = AppIcon;
				ASSETCATALOG_COMPILER_GLOBAL_ACCENT_COLOR_NAME = AccentColor;
				CODE_SIGN_ENTITLEMENTS = ChatSwift/ChatSwift.entitlements;
				CODE_SIGN_STYLE = Automatic;
				CURRENT_PROJECT_VERSION = 1;
				DEVELOPMENT_ASSET_PATHS = "\"ChatSwift/Preview Content\"";
				ENABLE_PREVIEWS = YES;
				GENERATE_INFOPLIST_FILE = YES;
				"INFOPLIST_KEY_UIApplicationSceneManifest_Generation[sdk=iphoneos*]" = YES;
				"INFOPLIST_KEY_UIApplicationSceneManifest_Generation[sdk=iphonesimulator*]" = YES;
				"INFOPLIST_KEY_UIApplicationSupportsIndirectInputEvents[sdk=iphoneos*]" = YES;
				"INFOPLIST_KEY_UIApplicationSupportsIndirectInputEvents[sdk=iphonesimulator*]" = YES;
				"INFOPLIST_KEY_UILaunchScreen_Generation[sdk=iphoneos*]" = YES;
				"INFOPLIST_KEY_UILaunchScreen_Generation[sdk=iphonesimulator*]" = YES;
				"INFOPLIST_KEY_UIStatusBarStyle[sdk=iphoneos*]" = UIStatusBarStyleDefault;
				"INFOPLIST_KEY_UIStatusBarStyle[sdk=iphonesimulator*]" = UIStatusBarStyleDefault;
				INFOPLIST_KEY_UISupportedInterfaceOrientations_iPad = "UIInterfaceOrientationPortrait UIInterfaceOrientationPortraitUpsideDown UIInterfaceOrientationLandscapeLeft UIInterfaceOrientationLandscapeRight";
				INFOPLIST_KEY_UISupportedInterfaceOrientations_iPhone = "UIInterfaceOrientationPortrait UIInterfaceOrientationLandscapeLeft UIInterfaceOrientationLandscapeRight";
				IPHONEOS_DEPLOYMENT_TARGET = 16.0;
				LD_RUNPATH_SEARCH_PATHS = "@executable_path/Frameworks";
				"LD_RUNPATH_SEARCH_PATHS[sdk=macosx*]" = "@executable_path/../Frameworks";
				MACOSX_DEPLOYMENT_TARGET = 13.0;
				MARKETING_VERSION = 1.0;
				PRODUCT_BUNDLE_IDENTIFIER = com.safiribyetes.ChatSwift;
				PRODUCT_NAME = "$(TARGET_NAME)";
				SDKROOT = auto;
				SUPPORTED_PLATFORMS = "iphoneos iphonesimulator macosx";
				SWIFT_EMIT_LOC_STRINGS = YES;
				SWIFT_VERSION = 5.0;
				TARGETED_DEVICE_FAMILY = "1,2";
			};
			name = Release;
		};
/* End XCBuildConfiguration section */

/* Begin XCConfigurationList section */
		A3B6AAC42B4FCBCE00796CE4 /* Build configuration list for PBXProject "ChatSwift" */ = {
			isa = XCConfigurationList;
			buildConfigurations = (
				A3B6AAD62B4FCBD100796CE4 /* Debug */,
				A3B6AAD72B4FCBD100796CE4 /* Release */,
			);
			defaultConfigurationIsVisible = 0;
			defaultConfigurationName = Release;
		};
		A3B6AAD82B4FCBD100796CE4 /* Build configuration list for PBXNativeTarget "ChatSwift" */ = {
			isa = XCConfigurationList;
			buildConfigurations = (
				A3B6AAD92B4FCBD100796CE4 /* Debug */,
				A3B6AADA2B4FCBD100796CE4 /* Release */,
			);
			defaultConfigurationIsVisible = 0;
			defaultConfigurationName = Release;
		};
/* End XCConfigurationList section */

/* Begin XCRemoteSwiftPackageReference section */
		A3060FF02B51343D0071964E /* XCRemoteSwiftPackageReference "firebase-ios-sdk" */ = {
			isa = XCRemoteSwiftPackageReference;
			repositoryURL = "https://github.com/firebase/firebase-ios-sdk";
			requirement = {
				kind = upToNextMajorVersion;
				minimumVersion = 10.19.1;
			};
		};
/* End XCRemoteSwiftPackageReference section */

/* Begin XCSwiftPackageProductDependency section */
		A3060FF12B51343D0071964E /* FirebaseAnalytics */ = {
			isa = XCSwiftPackageProductDependency;
			package = A3060FF02B51343D0071964E /* XCRemoteSwiftPackageReference "firebase-ios-sdk" */;
			productName = FirebaseAnalytics;
		};
		A3060FF32B51343D0071964E /* FirebaseAnalyticsOnDeviceConversion */ = {
			isa = XCSwiftPackageProductDependency;
			package = A3060FF02B51343D0071964E /* XCRemoteSwiftPackageReference "firebase-ios-sdk" */;
			productName = FirebaseAnalyticsOnDeviceConversion;
		};
		A3060FF52B51343D0071964E /* FirebaseAnalyticsSwift */ = {
			isa = XCSwiftPackageProductDependency;
			package = A3060FF02B51343D0071964E /* XCRemoteSwiftPackageReference "firebase-ios-sdk" */;
			productName = FirebaseAnalyticsSwift;
		};
		A3060FF72B51343D0071964E /* FirebaseAnalyticsWithoutAdIdSupport */ = {
			isa = XCSwiftPackageProductDependency;
			package = A3060FF02B51343D0071964E /* XCRemoteSwiftPackageReference "firebase-ios-sdk" */;
			productName = FirebaseAnalyticsWithoutAdIdSupport;
		};
		A3060FF92B51343D0071964E /* FirebaseAppCheck */ = {
			isa = XCSwiftPackageProductDependency;
			package = A3060FF02B51343D0071964E /* XCRemoteSwiftPackageReference "firebase-ios-sdk" */;
			productName = FirebaseAppCheck;
		};
		A3060FFB2B51343D0071964E /* FirebaseAppDistribution-Beta */ = {
			isa = XCSwiftPackageProductDependency;
			package = A3060FF02B51343D0071964E /* XCRemoteSwiftPackageReference "firebase-ios-sdk" */;
			productName = "FirebaseAppDistribution-Beta";
		};
		A3060FFD2B51343D0071964E /* FirebaseAuth */ = {
			isa = XCSwiftPackageProductDependency;
			package = A3060FF02B51343D0071964E /* XCRemoteSwiftPackageReference "firebase-ios-sdk" */;
			productName = FirebaseAuth;
		};
		A3060FFF2B51343D0071964E /* FirebaseAuthCombine-Community */ = {
			isa = XCSwiftPackageProductDependency;
			package = A3060FF02B51343D0071964E /* XCRemoteSwiftPackageReference "firebase-ios-sdk" */;
			productName = "FirebaseAuthCombine-Community";
		};
		A30610012B51343D0071964E /* FirebaseCrashlytics */ = {
			isa = XCSwiftPackageProductDependency;
			package = A3060FF02B51343D0071964E /* XCRemoteSwiftPackageReference "firebase-ios-sdk" */;
			productName = FirebaseCrashlytics;
		};
		A30610032B51343D0071964E /* FirebaseDatabase */ = {
			isa = XCSwiftPackageProductDependency;
			package = A3060FF02B51343D0071964E /* XCRemoteSwiftPackageReference "firebase-ios-sdk" */;
			productName = FirebaseDatabase;
		};
		A30610052B51343D0071964E /* FirebaseDatabaseSwift */ = {
			isa = XCSwiftPackageProductDependency;
			package = A3060FF02B51343D0071964E /* XCRemoteSwiftPackageReference "firebase-ios-sdk" */;
			productName = FirebaseDatabaseSwift;
		};
		A30610072B51343D0071964E /* FirebaseDynamicLinks */ = {
			isa = XCSwiftPackageProductDependency;
			package = A3060FF02B51343D0071964E /* XCRemoteSwiftPackageReference "firebase-ios-sdk" */;
			productName = FirebaseDynamicLinks;
		};
		A30610092B51343D0071964E /* FirebaseFirestore */ = {
			isa = XCSwiftPackageProductDependency;
			package = A3060FF02B51343D0071964E /* XCRemoteSwiftPackageReference "firebase-ios-sdk" */;
			productName = FirebaseFirestore;
		};
		A306100B2B51343D0071964E /* FirebaseFirestoreCombine-Community */ = {
			isa = XCSwiftPackageProductDependency;
			package = A3060FF02B51343D0071964E /* XCRemoteSwiftPackageReference "firebase-ios-sdk" */;
			productName = "FirebaseFirestoreCombine-Community";
		};
		A306100D2B51343D0071964E /* FirebaseFirestoreSwift */ = {
			isa = XCSwiftPackageProductDependency;
			package = A3060FF02B51343D0071964E /* XCRemoteSwiftPackageReference "firebase-ios-sdk" */;
			productName = FirebaseFirestoreSwift;
		};
		A306100F2B51343D0071964E /* FirebaseFunctions */ = {
			isa = XCSwiftPackageProductDependency;
			package = A3060FF02B51343D0071964E /* XCRemoteSwiftPackageReference "firebase-ios-sdk" */;
			productName = FirebaseFunctions;
		};
		A30610112B51343D0071964E /* FirebaseFunctionsCombine-Community */ = {
			isa = XCSwiftPackageProductDependency;
			package = A3060FF02B51343D0071964E /* XCRemoteSwiftPackageReference "firebase-ios-sdk" */;
			productName = "FirebaseFunctionsCombine-Community";
		};
		A30610132B51343D0071964E /* FirebaseInAppMessaging-Beta */ = {
			isa = XCSwiftPackageProductDependency;
			package = A3060FF02B51343D0071964E /* XCRemoteSwiftPackageReference "firebase-ios-sdk" */;
			productName = "FirebaseInAppMessaging-Beta";
		};
		A30610152B51343D0071964E /* FirebaseInAppMessagingSwift-Beta */ = {
			isa = XCSwiftPackageProductDependency;
			package = A3060FF02B51343D0071964E /* XCRemoteSwiftPackageReference "firebase-ios-sdk" */;
			productName = "FirebaseInAppMessagingSwift-Beta";
		};
		A30610172B51343D0071964E /* FirebaseInstallations */ = {
			isa = XCSwiftPackageProductDependency;
			package = A3060FF02B51343D0071964E /* XCRemoteSwiftPackageReference "firebase-ios-sdk" */;
			productName = FirebaseInstallations;
		};
		A30610192B51343D0071964E /* FirebaseMLModelDownloader */ = {
			isa = XCSwiftPackageProductDependency;
			package = A3060FF02B51343D0071964E /* XCRemoteSwiftPackageReference "firebase-ios-sdk" */;
			productName = FirebaseMLModelDownloader;
		};
		A306101B2B51343D0071964E /* FirebaseMessaging */ = {
			isa = XCSwiftPackageProductDependency;
			package = A3060FF02B51343D0071964E /* XCRemoteSwiftPackageReference "firebase-ios-sdk" */;
			productName = FirebaseMessaging;
		};
		A306101D2B51343D0071964E /* FirebasePerformance */ = {
			isa = XCSwiftPackageProductDependency;
			package = A3060FF02B51343D0071964E /* XCRemoteSwiftPackageReference "firebase-ios-sdk" */;
			productName = FirebasePerformance;
		};
		A306101F2B51343D0071964E /* FirebaseRemoteConfig */ = {
			isa = XCSwiftPackageProductDependency;
			package = A3060FF02B51343D0071964E /* XCRemoteSwiftPackageReference "firebase-ios-sdk" */;
			productName = FirebaseRemoteConfig;
		};
		A30610212B51343D0071964E /* FirebaseRemoteConfigSwift */ = {
			isa = XCSwiftPackageProductDependency;
			package = A3060FF02B51343D0071964E /* XCRemoteSwiftPackageReference "firebase-ios-sdk" */;
			productName = FirebaseRemoteConfigSwift;
		};
		A30610232B51343D0071964E /* FirebaseStorage */ = {
			isa = XCSwiftPackageProductDependency;
			package = A3060FF02B51343D0071964E /* XCRemoteSwiftPackageReference "firebase-ios-sdk" */;
			productName = FirebaseStorage;
		};
		A30610252B51343D0071964E /* FirebaseStorageCombine-Community */ = {
			isa = XCSwiftPackageProductDependency;
			package = A3060FF02B51343D0071964E /* XCRemoteSwiftPackageReference "firebase-ios-sdk" */;
			productName = "FirebaseStorageCombine-Community";
		};
/* End XCSwiftPackageProductDependency section */
	};
	rootObject = A3B6AAC12B4FCBCE00796CE4 /* Project object */;
}
